
Microsoft Visual Studio Solution File, Format Version 12.00
# Visual Studio 15
VisualStudioVersion = 15.0.28010.2046
MinimumVisualStudioVersion = 10.0.40219.1
Project("{FAE04EC0-301F-11D3-BF4B-00C04F79EFBC}") = "ByteBee.TicTacToe", "ByteBee.TicTacToe\ByteBee.TicTacToe.csproj", "{BF147E51-2149-4AA5-B09A-AF5F872CDA2F}"
EndProject
Global
	GlobalSection(SolutionConfigurationPlatforms) = preSolution
		Debug|Any CPU = Debug|Any CPU
		Release|Any CPU = Release|Any CPU
	EndGlobalSection
	GlobalSection(ProjectConfigurationPlatforms) = postSolution
		{BF147E51-2149-4AA5-B09A-AF5F872CDA2F}.Debug|Any CPU.ActiveCfg = Debug|Any CPU
		{BF147E51-2149-4AA5-B09A-AF5F872CDA2F}.Debug|Any CPU.Build.0 = Debug|Any CPU
		{BF147E51-2149-4AA5-B09A-AF5F872CDA2F}.Release|Any CPU.ActiveCfg = Release|Any CPU
		{BF147E51-2149-4AA5-B09A-AF5F872CDA2F}.Release|Any CPU.Build.0 = Release|Any CPU
	EndGlobalSection
	GlobalSection(SolutionProperties) = preSolution
		HideSolutionNode = FALSE
	EndGlobalSection
	GlobalSection(ExtensibilityGlobals) = postSolution
		SolutionGuid = {9D41156D-B05F-4D23-B495-1B979FE7CA68}
	EndGlobalSection
EndGlobal
